<?xml version="1.0" encoding="utf-8"?>
<Project ToolsVersion="4.0" xmlns="http://schemas.microsoft.com/developer/msbuild/2003">
  <ItemGroup>
    <Filter Include="Source Files">
      <UniqueIdentifier>{4FC737F1-C7A5-4376-A066-2A32D752A2FF}</UniqueIdentifier>
      <Extensions>cpp;c;cc;cxx;def;odl;idl;hpj;bat;asm;asmx</Extensions>
    </Filter>
    <Filter Include="Header Files">
      <UniqueIdentifier>{93995380-89BD-4b04-88EB-625FBE52EBFB}</UniqueIdentifier>
      <Extensions>h;hh;hpp;hxx;hm;inl;inc;xsd</Extensions>
    </Filter>
    <Filter Include="Resource Files">
      <UniqueIdentifier>{67DA6AB6-F800-4c08-8B7A-83BB121AAD01}</UniqueIdentifier>
      <Extensions>rc;ico;cur;bmp;dlg;rc2;rct;bin;rgs;gif;jpg;jpeg;jpe;resx;tiff;tif;png;wav;mfcribbon-ms</Extensions>
    </Filter>
    <Filter Include="Source Files\win32">
      <UniqueIdentifier>{ca503dc7-d4ef-4762-a4ae-4b03e3ce3475}</UniqueIdentifier>
    </Filter>
    <Filter Include="curl">
      <UniqueIdentifier>{22b31cbb-3fe4-45d4-9533-5920f1432c33}</UniqueIdentifier>
    </Filter>
  </ItemGroup>
  <ItemGroup>
    <ClCompile Include="..\..\..\src\parse.c">
      <Filter>Source Files</Filter>
    </ClCompile>
    <ClCompile Include="..\..\..\src\parse_log.c">
      <Filter>Source Files</Filter>
    </ClCompile>
    <ClCompile Include="..\..\..\src\parse_os.c">
      <Filter>Source Files</Filter>
    </ClCompile>
    <ClCompile Include="..\..\parse_uuid.c">
      <Filter>Source Files\win32</Filter>
    </ClCompile>
    <ClCompile Include="..\..\parse_time.c">
      <Filter>Source Files\win32</Filter>
    </ClCompile>
    <ClCompile Include="..\..\dirent.c">
      <Filter>Source Files\win32</Filter>
    </ClCompile>
    <ClCompile Include="..\..\..\..\common\simplejson.c">
      <Filter>Source Files</Filter>
    </ClCompile>
  </ItemGroup>
  <ItemGroup>
    <ClInclude Include="..\..\..\..\include\parse.h">
      <Filter>Header Files</Filter>
    </ClInclude>
    <ClInclude Include="..\..\..\src\parse_log.h">
      <Filter>Source Files</Filter>
    </ClInclude>
    <ClInclude Include="..\..\..\src\parse_os.h">
      <Filter>Source Files</Filter>
    </ClInclude>
    <ClInclude Include="..\..\parse_uuid.h">
      <Filter>Source Files\win32</Filter>
    </ClInclude>
    <ClInclude Include="..\..\parse_win32.h">
      <Filter>Source Files\win32</Filter>
    </ClInclude>
    <ClInclude Include="..\..\parse_time.h">
      <Filter>Source Files\win32</Filter>
    </ClInclude>
    <ClInclude Include="..\..\config.h">
      <Filter>Source Files\win32</Filter>
    </ClInclude>
    <ClInclude Include="..\..\dirent.h">
      <Filter>Source Files\win32</Filter>
    </ClInclude>
  </ItemGroup>
  <ItemGroup>
    <None Include="..\..\libcurl.dll">
      <Filter>curl</Filter>
    </None>
    <None Include="..\..\libcurl.exp">
      <Filter>curl</Filter>
    </None>
  </ItemGroup>
  <ItemGroup>
    <Library Include="..\..\libcurl.lib">
      <Filter>curl</Filter>
    </Library>
  </ItemGroup>
</Project>